
Microsoft Visual Studio Solution File, Format Version 12.00
# Visual Studio 15
VisualStudioVersion = 15.0.27004.2009
MinimumVisualStudioVersion = 10.0.40219.1
Project("{F184B08F-C81C-45F6-A57F-5ABD9991F28F}") = "RouteText", "RouteText\RouteText.vbproj", "{F3C0E6EB-7CBC-4952-A775-59D1EA6BA8DB}"
EndProject
Global
	GlobalSection(SolutionConfigurationPlatforms) = preSolution
		Debug|Any CPU = Debug|Any CPU
		Debug|x86 = Debug|x86
		Release|Any CPU = Release|Any CPU
		Release|x86 = Release|x86
	EndGlobalSection
	GlobalSection(ProjectConfigurationPlatforms) = postSolution
		{F3C0E6EB-7CBC-4952-A775-59D1EA6BA8DB}.Debug|Any CPU.ActiveCfg = Debug|Any CPU
		{F3C0E6EB-7CBC-4952-A775-59D1EA6BA8DB}.Debug|Any CPU.Build.0 = Debug|Any CPU
		{F3C0E6EB-7CBC-4952-A775-59D1EA6BA8DB}.Debug|x86.ActiveCfg = Debug|x86
		{F3C0E6EB-7CBC-4952-A775-59D1EA6BA8DB}.Debug|x86.Build.0 = Debug|x86
		{F3C0E6EB-7CBC-4952-A775-59D1EA6BA8DB}.Release|Any CPU.ActiveCfg = Release|Any CPU
		{F3C0E6EB-7CBC-4952-A775-59D1EA6BA8DB}.Release|Any CPU.Build.0 = Release|Any CPU
		{F3C0E6EB-7CBC-4952-A775-59D1EA6BA8DB}.Release|x86.ActiveCfg = Release|x86
		{F3C0E6EB-7CBC-4952-A775-59D1EA6BA8DB}.Release|x86.Build.0 = Release|x86
	EndGlobalSection
	GlobalSection(SolutionProperties) = preSolution
		HideSolutionNode = FALSE
	EndGlobalSection
	GlobalSection(ExtensibilityGlobals) = postSolution
		SolutionGuid = {DFE26F4C-DC4A-4DED-B58C-1253A309AB68}
	EndGlobalSection
EndGlobal
